[[package]]
name = "attrs"
version = "21.4.0"
description = "Classes Without Boilerplate"
category = "main"
optional = false
python-versions = ">=2.7, !=3.0.*, !=3.1.*, !=3.2.*, !=3.3.*, !=3.4.*"

[package.extras]
dev = ["coverage[toml] (>=5.0.2)", "hypothesis", "pympler", "pytest (>=4.3.0)", "six", "mypy", "pytest-mypy-plugins", "zope.interface", "furo", "sphinx", "sphinx-notfound-page", "pre-commit", "cloudpickle"]
docs = ["furo", "sphinx", "zope.interface", "sphinx-notfound-page"]
tests = ["coverage[toml] (>=5.0.2)", "hypothesis", "pympler", "pytest (>=4.3.0)", "six", "mypy", "pytest-mypy-plugins", "zope.interface", "cloudpickle"]
tests_no_zope = ["coverage[toml] (>=5.0.2)", "hypothesis", "pympler", "pytest (>=4.3.0)", "six", "mypy", "pytest-mypy-plugins", "cloudpickle"]

[[package]]
name = "dbus-next"
version = "0.2.3"
description = "A zero-dependency DBus library for Python with asyncio support"
category = "main"
optional = false
python-versions = ">=3.6.0"

[[package]]
name = "gbulb"
version = "0.6.2"
description = "GLib event loop for tulip (PEP 3156)"
category = "main"
optional = false
python-versions = ">=3.6"

[package.dependencies]
pygobject = ">=3.14.0"

[[package]]
name = "jsonschema"
version = "4.4.0"
description = "An implementation of JSON Schema validation for Python"
category = "main"
optional = false
python-versions = ">=3.7"

[package.dependencies]
attrs = ">=17.4.0"
pyrsistent = ">=0.14.0,<0.17.0 || >0.17.0,<0.17.1 || >0.17.1,<0.17.2 || >0.17.2"

[package.extras]
format = ["fqdn", "idna", "isoduration", "jsonpointer (>1.13)", "rfc3339-validator", "rfc3987", "uri-template", "webcolors (>=1.11)"]
format_nongpl = ["fqdn", "idna", "isoduration", "jsonpointer (>1.13)", "rfc3339-validator", "rfc3986-validator (>0.1.0)", "uri-template", "webcolors (>=1.11)"]

[[package]]
name = "psutil"
version = "5.9.0"
description = "Cross-platform lib for process and system monitoring in Python."
category = "main"
optional = false
python-versions = ">=2.6, !=3.0.*, !=3.1.*, !=3.2.*, !=3.3.*"

[package.extras]
test = ["ipaddress", "mock", "unittest2", "enum34", "pywin32", "wmi"]

[[package]]
name = "pulsectl"
version = "21.10.5"
description = "Python high-level interface and ctypes-based bindings for PulseAudio (libpulse)"
category = "main"
optional = false
python-versions = "*"

[[package]]
name = "pulsectl-asyncio"
version = "0.2.0"
description = "Asyncio frontend for the pulsectl Python bindings of libpulse"
category = "main"
optional = false
python-versions = "~=3.6"

[package.dependencies]
pulsectl = ">=21.10.2,<=21.10.5"

[[package]]
name = "pycairo"
version = "1.20.1"
description = "Python interface for cairo"
category = "main"
optional = false
python-versions = ">=3.6, <4"

[[package]]
name = "pygobject"
version = "3.42.0"
description = "Python bindings for GObject Introspection"
category = "main"
optional = false
python-versions = ">=3.6, <4"

[package.dependencies]
pycairo = ">=1.16,<2.0"

[[package]]
name = "pyrsistent"
version = "0.18.1"
description = "Persistent/Functional/Immutable data structures"
category = "main"
optional = false
python-versions = ">=3.7"

[[package]]
name = "tomli"
version = "1.2.3"
description = "A lil' TOML parser"
category = "main"
optional = false
python-versions = ">=3.6"

[metadata]
lock-version = "1.1"
python-versions = "^3.10"
content-hash = "1e999b25e9cc43b85635c4ec9353bdb9bf9366d512faf5c1a5272b68232daa0f"

[metadata.files]
attrs = [
    {file = "attrs-21.4.0-py2.py3-none-any.whl", hash = "sha256:2d27e3784d7a565d36ab851fe94887c5eccd6a463168875832a1be79c82828b4"},
    {file = "attrs-21.4.0.tar.gz", hash = "sha256:626ba8234211db98e869df76230a137c4c40a12d72445c45d5f5b716f076e2fd"},
]
dbus-next = [
    {file = "dbus_next-0.2.3-py3-none-any.whl", hash = "sha256:58948f9aff9db08316734c0be2a120f6dc502124d9642f55e90ac82ffb16a18b"},
    {file = "dbus_next-0.2.3.tar.gz", hash = "sha256:f4eae26909332ada528c0a3549dda8d4f088f9b365153952a408e28023a626a5"},
]
gbulb = [
    {file = "gbulb-0.6.2-py2.py3-none-any.whl", hash = "sha256:0e79e7e614a69a728cf9c2d8f2d802c9b71bf9b2c49bad5b19b322dd33c8ec5e"},
    {file = "gbulb-0.6.2.tar.gz", hash = "sha256:0d627ce1264adfa90b85f72189a8ceee9c77648b0408f0cfc97b04f7191686fa"},
]
jsonschema = [
    {file = "jsonschema-4.4.0-py3-none-any.whl", hash = "sha256:77281a1f71684953ee8b3d488371b162419767973789272434bbc3f29d9c8823"},
    {file = "jsonschema-4.4.0.tar.gz", hash = "sha256:636694eb41b3535ed608fe04129f26542b59ed99808b4f688aa32dcf55317a83"},
]
psutil = [
    {file = "psutil-5.9.0-cp27-cp27m-manylinux2010_i686.whl", hash = "sha256:55ce319452e3d139e25d6c3f85a1acf12d1607ddedea5e35fb47a552c051161b"},
    {file = "psutil-5.9.0-cp27-cp27m-manylinux2010_x86_64.whl", hash = "sha256:7336292a13a80eb93c21f36bde4328aa748a04b68c13d01dfddd67fc13fd0618"},
    {file = "psutil-5.9.0-cp27-cp27mu-manylinux2010_i686.whl", hash = "sha256:cb8d10461c1ceee0c25a64f2dd54872b70b89c26419e147a05a10b753ad36ec2"},
    {file = "psutil-5.9.0-cp27-cp27mu-manylinux2010_x86_64.whl", hash = "sha256:7641300de73e4909e5d148e90cc3142fb890079e1525a840cf0dfd39195239fd"},
    {file = "psutil-5.9.0-cp27-none-win32.whl", hash = "sha256:ea42d747c5f71b5ccaa6897b216a7dadb9f52c72a0fe2b872ef7d3e1eacf3ba3"},
    {file = "psutil-5.9.0-cp27-none-win_amd64.whl", hash = "sha256:ef216cc9feb60634bda2f341a9559ac594e2eeaadd0ba187a4c2eb5b5d40b91c"},
    {file = "psutil-5.9.0-cp310-cp310-macosx_10_9_x86_64.whl", hash = "sha256:90a58b9fcae2dbfe4ba852b57bd4a1dded6b990a33d6428c7614b7d48eccb492"},
    {file = "psutil-5.9.0-cp310-cp310-manylinux_2_12_i686.manylinux2010_i686.manylinux_2_17_i686.manylinux2014_i686.whl", hash = "sha256:ff0d41f8b3e9ebb6b6110057e40019a432e96aae2008951121ba4e56040b84f3"},
    {file = "psutil-5.9.0-cp310-cp310-manylinux_2_12_x86_64.manylinux2010_x86_64.manylinux_2_17_x86_64.manylinux2014_x86_64.whl", hash = "sha256:742c34fff804f34f62659279ed5c5b723bb0195e9d7bd9907591de9f8f6558e2"},
    {file = "psutil-5.9.0-cp310-cp310-win32.whl", hash = "sha256:8293942e4ce0c5689821f65ce6522ce4786d02af57f13c0195b40e1edb1db61d"},
    {file = "psutil-5.9.0-cp310-cp310-win_amd64.whl", hash = "sha256:9b51917c1af3fa35a3f2dabd7ba96a2a4f19df3dec911da73875e1edaf22a40b"},
    {file = "psutil-5.9.0-cp36-cp36m-macosx_10_9_x86_64.whl", hash = "sha256:e9805fed4f2a81de98ae5fe38b75a74c6e6ad2df8a5c479594c7629a1fe35f56"},
    {file = "psutil-5.9.0-cp36-cp36m-manylinux_2_12_i686.manylinux2010_i686.manylinux_2_17_i686.manylinux2014_i686.whl", hash = "sha256:c51f1af02334e4b516ec221ee26b8fdf105032418ca5a5ab9737e8c87dafe203"},
    {file = "psutil-5.9.0-cp36-cp36m-manylinux_2_12_x86_64.manylinux2010_x86_64.manylinux_2_17_x86_64.manylinux2014_x86_64.whl", hash = "sha256:32acf55cb9a8cbfb29167cd005951df81b567099295291bcfd1027365b36591d"},
    {file = "psutil-5.9.0-cp36-cp36m-win32.whl", hash = "sha256:e5c783d0b1ad6ca8a5d3e7b680468c9c926b804be83a3a8e95141b05c39c9f64"},
    {file = "psutil-5.9.0-cp36-cp36m-win_amd64.whl", hash = "sha256:d62a2796e08dd024b8179bd441cb714e0f81226c352c802fca0fd3f89eeacd94"},
    {file = "psutil-5.9.0-cp37-cp37m-macosx_10_9_x86_64.whl", hash = "sha256:3d00a664e31921009a84367266b35ba0aac04a2a6cad09c550a89041034d19a0"},
    {file = "psutil-5.9.0-cp37-cp37m-manylinux_2_12_i686.manylinux2010_i686.manylinux_2_17_i686.manylinux2014_i686.whl", hash = "sha256:7779be4025c540d1d65a2de3f30caeacc49ae7a2152108adeaf42c7534a115ce"},
    {file = "psutil-5.9.0-cp37-cp37m-manylinux_2_12_x86_64.manylinux2010_x86_64.manylinux_2_17_x86_64.manylinux2014_x86_64.whl", hash = "sha256:072664401ae6e7c1bfb878c65d7282d4b4391f1bc9a56d5e03b5a490403271b5"},
    {file = "psutil-5.9.0-cp37-cp37m-win32.whl", hash = "sha256:df2c8bd48fb83a8408c8390b143c6a6fa10cb1a674ca664954de193fdcab36a9"},
    {file = "psutil-5.9.0-cp37-cp37m-win_amd64.whl", hash = "sha256:1d7b433519b9a38192dfda962dd8f44446668c009833e1429a52424624f408b4"},
    {file = "psutil-5.9.0-cp38-cp38-macosx_10_9_x86_64.whl", hash = "sha256:c3400cae15bdb449d518545cbd5b649117de54e3596ded84aacabfbb3297ead2"},
    {file = "psutil-5.9.0-cp38-cp38-manylinux_2_12_i686.manylinux2010_i686.manylinux_2_17_i686.manylinux2014_i686.whl", hash = "sha256:b2237f35c4bbae932ee98902a08050a27821f8f6dfa880a47195e5993af4702d"},
    {file = "psutil-5.9.0-cp38-cp38-manylinux_2_12_x86_64.manylinux2010_x86_64.manylinux_2_17_x86_64.manylinux2014_x86_64.whl", hash = "sha256:1070a9b287846a21a5d572d6dddd369517510b68710fca56b0e9e02fd24bed9a"},
    {file = "psutil-5.9.0-cp38-cp38-win32.whl", hash = "sha256:76cebf84aac1d6da5b63df11fe0d377b46b7b500d892284068bacccf12f20666"},
    {file = "psutil-5.9.0-cp38-cp38-win_amd64.whl", hash = "sha256:3151a58f0fbd8942ba94f7c31c7e6b310d2989f4da74fcbf28b934374e9bf841"},
    {file = "psutil-5.9.0-cp39-cp39-macosx_10_9_x86_64.whl", hash = "sha256:539e429da49c5d27d5a58e3563886057f8fc3868a5547b4f1876d9c0f007bccf"},
    {file = "psutil-5.9.0-cp39-cp39-manylinux_2_12_i686.manylinux2010_i686.manylinux_2_17_i686.manylinux2014_i686.whl", hash = "sha256:58c7d923dc209225600aec73aa2c4ae8ea33b1ab31bc11ef8a5933b027476f07"},
    {file = "psutil-5.9.0-cp39-cp39-manylinux_2_12_x86_64.manylinux2010_x86_64.manylinux_2_17_x86_64.manylinux2014_x86_64.whl", hash = "sha256:3611e87eea393f779a35b192b46a164b1d01167c9d323dda9b1e527ea69d697d"},
    {file = "psutil-5.9.0-cp39-cp39-win32.whl", hash = "sha256:4e2fb92e3aeae3ec3b7b66c528981fd327fb93fd906a77215200404444ec1845"},
    {file = "psutil-5.9.0-cp39-cp39-win_amd64.whl", hash = "sha256:7d190ee2eaef7831163f254dc58f6d2e2a22e27382b936aab51c835fc080c3d3"},
    {file = "psutil-5.9.0.tar.gz", hash = "sha256:869842dbd66bb80c3217158e629d6fceaecc3a3166d3d1faee515b05dd26ca25"},
]
pulsectl = [
    {file = "pulsectl-21.10.5-py2.py3-none-any.whl", hash = "sha256:5042b9b69733ae691ed2ed7194f775e95a4ae7063542e4fd06ec8954f0fa61b7"},
    {file = "pulsectl-21.10.5.tar.gz", hash = "sha256:b347983fb78baab168f4dc4804ab2c59ca5b813bf62f8146dfb5fcb6ab6c8ba2"},
]
pulsectl-asyncio = [
    {file = "pulsectl-asyncio-0.2.0.tar.gz", hash = "sha256:a813081ff1ce9edf525eb9eb1ad6531b87ce6f47dfb51ee605a53b2b899c62fa"},
    {file = "pulsectl_asyncio-0.2.0-py3-none-any.whl", hash = "sha256:fd6640ce468fb9d54f916e613059ec9ffc78bfb629d19d69532ac86e1a38a916"},
]
pycairo = [
    {file = "pycairo-1.20.1-cp310-cp310-win32.whl", hash = "sha256:736ffc618e851601e861a630293e5c910ef016b83b2d035a336f83a367bf56ab"},
    {file = "pycairo-1.20.1-cp310-cp310-win_amd64.whl", hash = "sha256:261c69850d4b2ec03346c9745bad2a835bb8124e4c6961b8ceac503d744eb3b3"},
    {file = "pycairo-1.20.1-cp36-cp36m-win32.whl", hash = "sha256:6db823a18e7be1eb2a29c28961f2f01e84d3b449f06be7338d05ac8f90592cd5"},
    {file = "pycairo-1.20.1-cp36-cp36m-win_amd64.whl", hash = "sha256:5525da2d8de912750dd157752aa96f1f0a42a437c5625e85b14c936b5c6305ae"},
    {file = "pycairo-1.20.1-cp37-cp37m-win32.whl", hash = "sha256:c8c2bb933974d91c5d19e54b846d964de177e7bf33433bf34ac34c85f9b30e94"},
    {file = "pycairo-1.20.1-cp37-cp37m-win_amd64.whl", hash = "sha256:9a32e4a3574a104aa876c35d5e71485dfd6986b18d045534c6ec510c44d5d6a7"},
    {file = "pycairo-1.20.1-cp38-cp38-win32.whl", hash = "sha256:0d7a6754d410d911a46f00396bee4be96500ccd3d178e7e98aef1140e3dd67ae"},
    {file = "pycairo-1.20.1-cp38-cp38-win_amd64.whl", hash = "sha256:b605151cdd23cedb31855b8666371b6e26b80f02753a52c8b8023a916b1df812"},
    {file = "pycairo-1.20.1-cp39-cp39-win32.whl", hash = "sha256:e800486b51fffeb11ed867b4f2220d446e2a60a81a73b7c377123e0cbb72f49d"},
    {file = "pycairo-1.20.1-cp39-cp39-win_amd64.whl", hash = "sha256:f123d3818e30b77b7209d70a6dcfd5b4e34885f9fa539d92dd7ff3e4e2037213"},
    {file = "pycairo-1.20.1.tar.gz", hash = "sha256:1ee72b035b21a475e1ed648e26541b04e5d7e753d75ca79de8c583b25785531b"},
]
pygobject = [
    {file = "PyGObject-3.42.0.tar.gz", hash = "sha256:b9803991ec0b0b4175e81fee0ad46090fa7af438fe169348a9b18ae53447afcd"},
]
pyrsistent = [
    {file = "pyrsistent-0.18.1-cp310-cp310-macosx_10_9_universal2.whl", hash = "sha256:df46c854f490f81210870e509818b729db4488e1f30f2a1ce1698b2295a878d1"},
    {file = "pyrsistent-0.18.1-cp310-cp310-manylinux_2_17_x86_64.manylinux2014_x86_64.whl", hash = "sha256:5d45866ececf4a5fff8742c25722da6d4c9e180daa7b405dc0a2a2790d668c26"},
    {file = "pyrsistent-0.18.1-cp310-cp310-manylinux_2_5_i686.manylinux1_i686.manylinux_2_17_i686.manylinux2014_i686.whl", hash = "sha256:4ed6784ceac462a7d6fcb7e9b663e93b9a6fb373b7f43594f9ff68875788e01e"},
    {file = "pyrsistent-0.18.1-cp310-cp310-win32.whl", hash = "sha256:e4f3149fd5eb9b285d6bfb54d2e5173f6a116fe19172686797c056672689daf6"},
    {file = "pyrsistent-0.18.1-cp310-cp310-win_amd64.whl", hash = "sha256:636ce2dc235046ccd3d8c56a7ad54e99d5c1cd0ef07d9ae847306c91d11b5fec"},
    {file = "pyrsistent-0.18.1-cp37-cp37m-macosx_10_9_x86_64.whl", hash = "sha256:e92a52c166426efbe0d1ec1332ee9119b6d32fc1f0bbfd55d5c1088070e7fc1b"},
    {file = "pyrsistent-0.18.1-cp37-cp37m-manylinux_2_17_x86_64.manylinux2014_x86_64.whl", hash = "sha256:d7a096646eab884bf8bed965bad63ea327e0d0c38989fc83c5ea7b8a87037bfc"},
    {file = "pyrsistent-0.18.1-cp37-cp37m-manylinux_2_5_i686.manylinux1_i686.manylinux_2_17_i686.manylinux2014_i686.whl", hash = "sha256:cdfd2c361b8a8e5d9499b9082b501c452ade8bbf42aef97ea04854f4a3f43b22"},
    {file = "pyrsistent-0.18.1-cp37-cp37m-win32.whl", hash = "sha256:7ec335fc998faa4febe75cc5268a9eac0478b3f681602c1f27befaf2a1abe1d8"},
    {file = "pyrsistent-0.18.1-cp37-cp37m-win_amd64.whl", hash = "sha256:6455fc599df93d1f60e1c5c4fe471499f08d190d57eca040c0ea182301321286"},
    {file = "pyrsistent-0.18.1-cp38-cp38-macosx_10_9_universal2.whl", hash = "sha256:fd8da6d0124efa2f67d86fa70c851022f87c98e205f0594e1fae044e7119a5a6"},
    {file = "pyrsistent-0.18.1-cp38-cp38-manylinux_2_17_x86_64.manylinux2014_x86_64.whl", hash = "sha256:7bfe2388663fd18bd8ce7db2c91c7400bf3e1a9e8bd7d63bf7e77d39051b85ec"},
    {file = "pyrsistent-0.18.1-cp38-cp38-manylinux_2_5_i686.manylinux1_i686.manylinux_2_17_i686.manylinux2014_i686.whl", hash = "sha256:0e3e1fcc45199df76053026a51cc59ab2ea3fc7c094c6627e93b7b44cdae2c8c"},
    {file = "pyrsistent-0.18.1-cp38-cp38-win32.whl", hash = "sha256:b568f35ad53a7b07ed9b1b2bae09eb15cdd671a5ba5d2c66caee40dbf91c68ca"},
    {file = "pyrsistent-0.18.1-cp38-cp38-win_amd64.whl", hash = "sha256:d1b96547410f76078eaf66d282ddca2e4baae8964364abb4f4dcdde855cd123a"},
    {file = "pyrsistent-0.18.1-cp39-cp39-macosx_10_9_universal2.whl", hash = "sha256:f87cc2863ef33c709e237d4b5f4502a62a00fab450c9e020892e8e2ede5847f5"},
    {file = "pyrsistent-0.18.1-cp39-cp39-manylinux_2_17_x86_64.manylinux2014_x86_64.whl", hash = "sha256:6bc66318fb7ee012071b2792024564973ecc80e9522842eb4e17743604b5e045"},
    {file = "pyrsistent-0.18.1-cp39-cp39-manylinux_2_5_i686.manylinux1_i686.manylinux_2_17_i686.manylinux2014_i686.whl", hash = "sha256:914474c9f1d93080338ace89cb2acee74f4f666fb0424896fcfb8d86058bf17c"},
    {file = "pyrsistent-0.18.1-cp39-cp39-win32.whl", hash = "sha256:1b34eedd6812bf4d33814fca1b66005805d3640ce53140ab8bbb1e2651b0d9bc"},
    {file = "pyrsistent-0.18.1-cp39-cp39-win_amd64.whl", hash = "sha256:e24a828f57e0c337c8d8bb9f6b12f09dfdf0273da25fda9e314f0b684b415a07"},
    {file = "pyrsistent-0.18.1.tar.gz", hash = "sha256:d4d61f8b993a7255ba714df3aca52700f8125289f84f704cf80916517c46eb96"},
]
tomli = [
    {file = "tomli-1.2.3-py3-none-any.whl", hash = "sha256:e3069e4be3ead9668e21cb9b074cd948f7b3113fd9c8bba083f48247aab8b11c"},
    {file = "tomli-1.2.3.tar.gz", hash = "sha256:05b6166bff487dc068d322585c7ea4ef78deed501cc124060e0f238e89a9231f"},
]
